
Microsoft Visual Studio Solution File, Format Version 12.00
# Visual Studio 2012
Project("{FAE04EC0-301F-11D3-BF4B-00C04F79EFBC}") = "UC_THUMB_NAIL", "UC_THUMB_NAIL.csproj", "{8F42B71C-1100-415D-8D10-1F14B438DA55}"
EndProject
Global
	GlobalSection(SolutionConfigurationPlatforms) = preSolution
		Debug|Any CPU = Debug|Any CPU
		OnlyDemo|Any CPU = OnlyDemo|Any CPU
		Release|Any CPU = Release|Any CPU
	EndGlobalSection
	GlobalSection(ProjectConfigurationPlatforms) = postSolution
		{8F42B71C-1100-415D-8D10-1F14B438DA55}.Debug|Any CPU.ActiveCfg = Debug|Any CPU
		{8F42B71C-1100-415D-8D10-1F14B438DA55}.Debug|Any CPU.Build.0 = Debug|Any CPU
		{8F42B71C-1100-415D-8D10-1F14B438DA55}.OnlyDemo|Any CPU.ActiveCfg = OnlyDemo|Any CPU
		{8F42B71C-1100-415D-8D10-1F14B438DA55}.OnlyDemo|Any CPU.Build.0 = OnlyDemo|Any CPU
		{8F42B71C-1100-415D-8D10-1F14B438DA55}.Release|Any CPU.ActiveCfg = Release|Any CPU
		{8F42B71C-1100-415D-8D10-1F14B438DA55}.Release|Any CPU.Build.0 = Release|Any CPU
	EndGlobalSection
	GlobalSection(SolutionProperties) = preSolution
		HideSolutionNode = FALSE
	EndGlobalSection
EndGlobal
