
Microsoft Visual Studio Solution File, Format Version 12.00
# Visual Studio 2012
Project("{FAE04EC0-301F-11D3-BF4B-00C04F79EFBC}") = "LIB_CD_Vision", "LIB_CD_Vision\LIB_CD_Vision.csproj", "{8B30A324-BC42-4D56-B45D-B99630AF77CE}"
EndProject
Global
	GlobalSection(SolutionConfigurationPlatforms) = preSolution
		Debug|Any CPU = Debug|Any CPU
		Release|Any CPU = Release|Any CPU
	EndGlobalSection
	GlobalSection(ProjectConfigurationPlatforms) = postSolution
		{8B30A324-BC42-4D56-B45D-B99630AF77CE}.Debug|Any CPU.ActiveCfg = Debug|Any CPU
		{8B30A324-BC42-4D56-B45D-B99630AF77CE}.Debug|Any CPU.Build.0 = Debug|Any CPU
		{8B30A324-BC42-4D56-B45D-B99630AF77CE}.Release|Any CPU.ActiveCfg = Release|Any CPU
		{8B30A324-BC42-4D56-B45D-B99630AF77CE}.Release|Any CPU.Build.0 = Release|Any CPU
	EndGlobalSection
	GlobalSection(SolutionProperties) = preSolution
		HideSolutionNode = FALSE
	EndGlobalSection
EndGlobal
